
Microsoft Visual Studio Solution File, Format Version 12.00
# Visual Studio Version 17
VisualStudioVersion = 17.5.2.0
MinimumVisualStudioVersion = 10.0.40219.1
Project("{FAE04EC0-301F-11D3-BF4B-00C04F79EFBC}") = "Saralieva", "Saralieva.csproj", "{CEAFAE91-9401-341C-B946-9CBC95D8C893}"
EndProject
Project("{2150E333-8FDC-42A3-9474-1A3956D46DE8}") = "practice02", "practice02", "{03294F73-758E-9659-D415-6770278D6F44}"
EndProject
Project("{2150E333-8FDC-42A3-9474-1A3956D46DE8}") = "filterCollection", "filterCollection", "{D8994C22-5FC8-A6E3-B0F5-007A8EC82BEB}"
EndProject
Project("{FAE04EC0-301F-11D3-BF4B-00C04F79EFBC}") = "FilterCollection", "practice02\filterCollection\FilterCollection.csproj", "{D4C19FD0-75DC-4C56-8524-C9980D446417}"
EndProject
Project("{2150E333-8FDC-42A3-9474-1A3956D46DE8}") = "versionedStack", "versionedStack", "{531F7B50-DC19-6D90-2A8D-227B7B2919A8}"
EndProject
Project("{FAE04EC0-301F-11D3-BF4B-00C04F79EFBC}") = "VersionedStack", "practice02\versionedStack\VersionedStack.csproj", "{92A7B964-BDE2-47EC-9CCC-67CEE7A746BC}"
EndProject
Project("{2150E333-8FDC-42A3-9474-1A3956D46DE8}") = "sorted", "sorted", "{93044967-20DB-C0B5-A428-92208D89066D}"
EndProject
Project("{FAE04EC0-301F-11D3-BF4B-00C04F79EFBC}") = "Sorted", "practice02\sorted\Sorted.csproj", "{975EDB4F-75E5-4573-9F26-2E4C38876F33}"
EndProject
Project("{2150E333-8FDC-42A3-9474-1A3956D46DE8}") = "practice0512", "practice0512", "{5D97BCFA-27BF-9C9F-A02A-AF5BC30D96A6}"
EndProject
Project("{2150E333-8FDC-42A3-9474-1A3956D46DE8}") = "logWriter", "logWriter", "{7F37BCD9-96F5-BDFF-C2BB-DCC36327560E}"
EndProject
Project("{FAE04EC0-301F-11D3-BF4B-00C04F79EFBC}") = "LogWriter", "practice0512\logWriter\LogWriter.csproj", "{4A73AAE8-E10B-40D4-853A-FEF3EBB55820}"
EndProject
Global
	GlobalSection(SolutionConfigurationPlatforms) = preSolution
		Debug|Any CPU = Debug|Any CPU
		Debug|x64 = Debug|x64
		Debug|x86 = Debug|x86
		Release|Any CPU = Release|Any CPU
		Release|x64 = Release|x64
		Release|x86 = Release|x86
	EndGlobalSection
	GlobalSection(ProjectConfigurationPlatforms) = postSolution
		{CEAFAE91-9401-341C-B946-9CBC95D8C893}.Debug|Any CPU.ActiveCfg = Debug|Any CPU
		{CEAFAE91-9401-341C-B946-9CBC95D8C893}.Debug|Any CPU.Build.0 = Debug|Any CPU
		{CEAFAE91-9401-341C-B946-9CBC95D8C893}.Debug|x64.ActiveCfg = Debug|Any CPU
		{CEAFAE91-9401-341C-B946-9CBC95D8C893}.Debug|x64.Build.0 = Debug|Any CPU
		{CEAFAE91-9401-341C-B946-9CBC95D8C893}.Debug|x86.ActiveCfg = Debug|Any CPU
		{CEAFAE91-9401-341C-B946-9CBC95D8C893}.Debug|x86.Build.0 = Debug|Any CPU
		{CEAFAE91-9401-341C-B946-9CBC95D8C893}.Release|Any CPU.ActiveCfg = Release|Any CPU
		{CEAFAE91-9401-341C-B946-9CBC95D8C893}.Release|Any CPU.Build.0 = Release|Any CPU
		{CEAFAE91-9401-341C-B946-9CBC95D8C893}.Release|x64.ActiveCfg = Release|Any CPU
		{CEAFAE91-9401-341C-B946-9CBC95D8C893}.Release|x64.Build.0 = Release|Any CPU
		{CEAFAE91-9401-341C-B946-9CBC95D8C893}.Release|x86.ActiveCfg = Release|Any CPU
		{CEAFAE91-9401-341C-B946-9CBC95D8C893}.Release|x86.Build.0 = Release|Any CPU
		{D4C19FD0-75DC-4C56-8524-C9980D446417}.Debug|Any CPU.ActiveCfg = Debug|Any CPU
		{D4C19FD0-75DC-4C56-8524-C9980D446417}.Debug|Any CPU.Build.0 = Debug|Any CPU
		{D4C19FD0-75DC-4C56-8524-C9980D446417}.Debug|x64.ActiveCfg = Debug|Any CPU
		{D4C19FD0-75DC-4C56-8524-C9980D446417}.Debug|x64.Build.0 = Debug|Any CPU
		{D4C19FD0-75DC-4C56-8524-C9980D446417}.Debug|x86.ActiveCfg = Debug|Any CPU
		{D4C19FD0-75DC-4C56-8524-C9980D446417}.Debug|x86.Build.0 = Debug|Any CPU
		{D4C19FD0-75DC-4C56-8524-C9980D446417}.Release|Any CPU.ActiveCfg = Release|Any CPU
		{D4C19FD0-75DC-4C56-8524-C9980D446417}.Release|Any CPU.Build.0 = Release|Any CPU
		{D4C19FD0-75DC-4C56-8524-C9980D446417}.Release|x64.ActiveCfg = Release|Any CPU
		{D4C19FD0-75DC-4C56-8524-C9980D446417}.Release|x64.Build.0 = Release|Any CPU
		{D4C19FD0-75DC-4C56-8524-C9980D446417}.Release|x86.ActiveCfg = Release|Any CPU
		{D4C19FD0-75DC-4C56-8524-C9980D446417}.Release|x86.Build.0 = Release|Any CPU
		{92A7B964-BDE2-47EC-9CCC-67CEE7A746BC}.Debug|Any CPU.ActiveCfg = Debug|Any CPU
		{92A7B964-BDE2-47EC-9CCC-67CEE7A746BC}.Debug|Any CPU.Build.0 = Debug|Any CPU
		{92A7B964-BDE2-47EC-9CCC-67CEE7A746BC}.Debug|x64.ActiveCfg = Debug|Any CPU
		{92A7B964-BDE2-47EC-9CCC-67CEE7A746BC}.Debug|x64.Build.0 = Debug|Any CPU
		{92A7B964-BDE2-47EC-9CCC-67CEE7A746BC}.Debug|x86.ActiveCfg = Debug|Any CPU
		{92A7B964-BDE2-47EC-9CCC-67CEE7A746BC}.Debug|x86.Build.0 = Debug|Any CPU
		{92A7B964-BDE2-47EC-9CCC-67CEE7A746BC}.Release|Any CPU.ActiveCfg = Release|Any CPU
		{92A7B964-BDE2-47EC-9CCC-67CEE7A746BC}.Release|Any CPU.Build.0 = Release|Any CPU
		{92A7B964-BDE2-47EC-9CCC-67CEE7A746BC}.Release|x64.ActiveCfg = Release|Any CPU
		{92A7B964-BDE2-47EC-9CCC-67CEE7A746BC}.Release|x64.Build.0 = Release|Any CPU
		{92A7B964-BDE2-47EC-9CCC-67CEE7A746BC}.Release|x86.ActiveCfg = Release|Any CPU
		{92A7B964-BDE2-47EC-9CCC-67CEE7A746BC}.Release|x86.Build.0 = Release|Any CPU
		{975EDB4F-75E5-4573-9F26-2E4C38876F33}.Debug|Any CPU.ActiveCfg = Debug|Any CPU
		{975EDB4F-75E5-4573-9F26-2E4C38876F33}.Debug|Any CPU.Build.0 = Debug|Any CPU
		{975EDB4F-75E5-4573-9F26-2E4C38876F33}.Debug|x64.ActiveCfg = Debug|Any CPU
		{975EDB4F-75E5-4573-9F26-2E4C38876F33}.Debug|x64.Build.0 = Debug|Any CPU
		{975EDB4F-75E5-4573-9F26-2E4C38876F33}.Debug|x86.ActiveCfg = Debug|Any CPU
		{975EDB4F-75E5-4573-9F26-2E4C38876F33}.Debug|x86.Build.0 = Debug|Any CPU
		{975EDB4F-75E5-4573-9F26-2E4C38876F33}.Release|Any CPU.ActiveCfg = Release|Any CPU
		{975EDB4F-75E5-4573-9F26-2E4C38876F33}.Release|Any CPU.Build.0 = Release|Any CPU
		{975EDB4F-75E5-4573-9F26-2E4C38876F33}.Release|x64.ActiveCfg = Release|Any CPU
		{975EDB4F-75E5-4573-9F26-2E4C38876F33}.Release|x64.Build.0 = Release|Any CPU
		{975EDB4F-75E5-4573-9F26-2E4C38876F33}.Release|x86.ActiveCfg = Release|Any CPU
		{975EDB4F-75E5-4573-9F26-2E4C38876F33}.Release|x86.Build.0 = Release|Any CPU
		{4A73AAE8-E10B-40D4-853A-FEF3EBB55820}.Debug|Any CPU.ActiveCfg = Debug|Any CPU
		{4A73AAE8-E10B-40D4-853A-FEF3EBB55820}.Debug|Any CPU.Build.0 = Debug|Any CPU
		{4A73AAE8-E10B-40D4-853A-FEF3EBB55820}.Debug|x64.ActiveCfg = Debug|Any CPU
		{4A73AAE8-E10B-40D4-853A-FEF3EBB55820}.Debug|x64.Build.0 = Debug|Any CPU
		{4A73AAE8-E10B-40D4-853A-FEF3EBB55820}.Debug|x86.ActiveCfg = Debug|Any CPU
		{4A73AAE8-E10B-40D4-853A-FEF3EBB55820}.Debug|x86.Build.0 = Debug|Any CPU
		{4A73AAE8-E10B-40D4-853A-FEF3EBB55820}.Release|Any CPU.ActiveCfg = Release|Any CPU
		{4A73AAE8-E10B-40D4-853A-FEF3EBB55820}.Release|Any CPU.Build.0 = Release|Any CPU
		{4A73AAE8-E10B-40D4-853A-FEF3EBB55820}.Release|x64.ActiveCfg = Release|Any CPU
		{4A73AAE8-E10B-40D4-853A-FEF3EBB55820}.Release|x64.Build.0 = Release|Any CPU
		{4A73AAE8-E10B-40D4-853A-FEF3EBB55820}.Release|x86.ActiveCfg = Release|Any CPU
		{4A73AAE8-E10B-40D4-853A-FEF3EBB55820}.Release|x86.Build.0 = Release|Any CPU
	EndGlobalSection
	GlobalSection(SolutionProperties) = preSolution
		HideSolutionNode = FALSE
	EndGlobalSection
	GlobalSection(NestedProjects) = preSolution
		{D8994C22-5FC8-A6E3-B0F5-007A8EC82BEB} = {03294F73-758E-9659-D415-6770278D6F44}
		{D4C19FD0-75DC-4C56-8524-C9980D446417} = {D8994C22-5FC8-A6E3-B0F5-007A8EC82BEB}
		{531F7B50-DC19-6D90-2A8D-227B7B2919A8} = {03294F73-758E-9659-D415-6770278D6F44}
		{92A7B964-BDE2-47EC-9CCC-67CEE7A746BC} = {531F7B50-DC19-6D90-2A8D-227B7B2919A8}
		{93044967-20DB-C0B5-A428-92208D89066D} = {03294F73-758E-9659-D415-6770278D6F44}
		{975EDB4F-75E5-4573-9F26-2E4C38876F33} = {93044967-20DB-C0B5-A428-92208D89066D}
		{7F37BCD9-96F5-BDFF-C2BB-DCC36327560E} = {5D97BCFA-27BF-9C9F-A02A-AF5BC30D96A6}
		{4A73AAE8-E10B-40D4-853A-FEF3EBB55820} = {7F37BCD9-96F5-BDFF-C2BB-DCC36327560E}
	EndGlobalSection
	GlobalSection(ExtensibilityGlobals) = postSolution
		SolutionGuid = {CF8FBD49-948B-49FE-B46A-68D0E42F971E}
	EndGlobalSection
EndGlobal
